
Microsoft Visual Studio Solution File, Format Version 12.00
# Visual Studio 15
VisualStudioVersion = 15.0.28307.645
MinimumVisualStudioVersion = 10.0.40219.1
Project("{FAE04EC0-301F-11D3-BF4B-00C04F79EFBC}") = "ProjectCore", "ProjectCore\ProjectCore.csproj", "{ED91D6DA-6011-4079-ABB5-0B22EE5EEFB7}"
EndProject
Global
	GlobalSection(SolutionConfigurationPlatforms) = preSolution
		Debug|Any CPU = Debug|Any CPU
		Release|Any CPU = Release|Any CPU
	EndGlobalSection
	GlobalSection(ProjectConfigurationPlatforms) = postSolution
		{ED91D6DA-6011-4079-ABB5-0B22EE5EEFB7}.Debug|Any CPU.ActiveCfg = Debug|Any CPU
		{ED91D6DA-6011-4079-ABB5-0B22EE5EEFB7}.Debug|Any CPU.Build.0 = Debug|Any CPU
		{ED91D6DA-6011-4079-ABB5-0B22EE5EEFB7}.Release|Any CPU.ActiveCfg = Release|Any CPU
		{ED91D6DA-6011-4079-ABB5-0B22EE5EEFB7}.Release|Any CPU.Build.0 = Release|Any CPU
	EndGlobalSection
	GlobalSection(SolutionProperties) = preSolution
		HideSolutionNode = FALSE
	EndGlobalSection
	GlobalSection(ExtensibilityGlobals) = postSolution
		SolutionGuid = {3E902135-0D78-4CBB-A306-174389D26F9F}
	EndGlobalSection
EndGlobal
